
Microsoft Visual Studio Solution File, Format Version 12.00
# Visual Studio 15
Project("{FAE04EC0-301F-11D3-BF4B-00C04F79EFBC}") = "Assembly-CSharp", "Assembly-CSharp.csproj", "{E6BAD31A-6129-97E8-5422-B291B8ACDEED}"
EndProject
Project("{FAE04EC0-301F-11D3-BF4B-00C04F79EFBC}") = "Assembly-CSharp-Editor", "Assembly-CSharp-Editor.csproj", "{CA7B9883-8525-EC78-1125-9D894FFA1ADA}"
EndProject
Global
	GlobalSection(SolutionConfigurationPlatforms) = preSolution
		Debug|Any CPU = Debug|Any CPU
		Release|Any CPU = Release|Any CPU
	EndGlobalSection
	GlobalSection(ProjectConfigurationPlatforms) = postSolution
		{E6BAD31A-6129-97E8-5422-B291B8ACDEED}.Debug|Any CPU.ActiveCfg = Debug|Any CPU
		{E6BAD31A-6129-97E8-5422-B291B8ACDEED}.Debug|Any CPU.Build.0 = Debug|Any CPU
		{E6BAD31A-6129-97E8-5422-B291B8ACDEED}.Release|Any CPU.ActiveCfg = Release|Any CPU
		{E6BAD31A-6129-97E8-5422-B291B8ACDEED}.Release|Any CPU.Build.0 = Release|Any CPU
		{CA7B9883-8525-EC78-1125-9D894FFA1ADA}.Debug|Any CPU.ActiveCfg = Debug|Any CPU
		{CA7B9883-8525-EC78-1125-9D894FFA1ADA}.Debug|Any CPU.Build.0 = Debug|Any CPU
		{CA7B9883-8525-EC78-1125-9D894FFA1ADA}.Release|Any CPU.ActiveCfg = Release|Any CPU
		{CA7B9883-8525-EC78-1125-9D894FFA1ADA}.Release|Any CPU.Build.0 = Release|Any CPU
	EndGlobalSection
	GlobalSection(SolutionProperties) = preSolution
		HideSolutionNode = FALSE
	EndGlobalSection
EndGlobal
